
Microsoft Visual Studio Solution File, Format Version 12.00
Project("{2150E333-8FDC-42A3-9474-1A3956D46DE8}") = "Solution Items", "Solution Items", "{660591FB-7244-4332-885D-C914E33274CB}"
	ProjectSection(SolutionItems) = preProject
		README.md = README.md
		Dockerfile = Dockerfile
		constants.yaml = constants.yaml
		pipeline-pr.yaml = pipeline-pr.yaml
		pipeline-swagger-pr.yaml = pipeline-swagger-pr.yaml
		pipeline-swagger-prerelease.yaml = pipeline-swagger-prerelease.yaml
		pipeline-swagger-release.yaml = pipeline-swagger-release.yaml
	EndProjectSection
EndProject
Project("{2150E333-8FDC-42A3-9474-1A3956D46DE8}") = "src", "src", "{B25D689C-BA79-4E67-A5EB-A5771D8EE768}"
EndProject
Project("{2150E333-8FDC-42A3-9474-1A3956D46DE8}") = "test", "test", "{E8344A39-85AE-4B3F-A2AE-AEB32BC51446}"
EndProject
Project("{2150E333-8FDC-42A3-9474-1A3956D46DE8}") = "swagger", "swagger", "{31171FEB-4838-475C-865E-ECB6B988456B}"
EndProject
Project("{FAE04EC0-301F-11D3-BF4B-00C04F79EFBC}") = "RedShirt.Adventure.Realm.Interop", "swagger\RedShirt.Adventure.Realm.Interop\RedShirt.Adventure.Realm.Interop.csproj", "{4BFAEB53-6FEB-4CB6-AEBC-D9DFB07BB488}"
EndProject
Project("{FAE04EC0-301F-11D3-BF4B-00C04F79EFBC}") = "RedShirt.Adventure.Realm", "src\RedShirt.Adventure.Realm\RedShirt.Adventure.Realm.csproj", "{691F2021-7D94-40DC-9EB0-6B63B13BCE8D}"
EndProject
Project("{FAE04EC0-301F-11D3-BF4B-00C04F79EFBC}") = "RedShirt.Adventure.Realm.UnitTests", "test\RedShirt.Adventure.Realm.UnitTests\RedShirt.Adventure.Realm.UnitTests.csproj", "{AC49DE83-CC2A-4CC7-B26B-E90455482033}"
EndProject
Project("{FAE04EC0-301F-11D3-BF4B-00C04F79EFBC}") = "RedShirt.Adventure.Realm.IntegrationTests", "test\RedShirt.Adventure.Realm.IntegrationTests\RedShirt.Adventure.Realm.IntegrationTests.csproj", "{E706106D-1CA2-47E8-B929-FECCBEC2D749}"
EndProject
Project("{FAE04EC0-301F-11D3-BF4B-00C04F79EFBC}") = "RedShirt.Adventure.Realm.Core.UnitTests", "test\RedShirt.Adventure.Realm.Core.UnitTests\RedShirt.Adventure.Realm.Core.UnitTests.csproj", "{C178D0FE-0A74-416D-9EFA-213421301E41}"
EndProject
Project("{FAE04EC0-301F-11D3-BF4B-00C04F79EFBC}") = "RedShirt.Adventure.Realm.Implementations.UnitTests", "test\RedShirt.Adventure.Realm.Implementations.UnitTests\RedShirt.Adventure.Realm.Implementations.UnitTests.csproj", "{84D414FE-E1CF-4781-B0AB-C68DBDE7CA6B}"
EndProject
Project("{FAE04EC0-301F-11D3-BF4B-00C04F79EFBC}") = "RedShirt.Adventure.Realm.Common.Aws", "src\RedShirt.Adventure.Realm.Common.Aws\RedShirt.Adventure.Realm.Common.Aws.csproj", "{FF4618C5-85D8-427E-B947-D796630B1412}"
EndProject
Project("{FAE04EC0-301F-11D3-BF4B-00C04F79EFBC}") = "RedShirt.Adventure.Realm.Common.Database", "src\RedShirt.Adventure.Realm.Common.Database\RedShirt.Adventure.Realm.Common.Database.csproj", "{B3F1DBF5-BE8D-4A12-A492-0AF895F495EE}"
EndProject
Project("{FAE04EC0-301F-11D3-BF4B-00C04F79EFBC}") = "RedShirt.Adventure.Realm.Common.Database.UnitTests", "test\RedShirt.Adventure.Realm.Common.Database.UnitTests\RedShirt.Adventure.Realm.Common.Database.UnitTests.csproj", "{E8ABC8E7-E42D-4D27-A26B-09711AA40434}"
EndProject
Project("{FAE04EC0-301F-11D3-BF4B-00C04F79EFBC}") = "RedShirt.Adventure.Realm.Common.Exceptions", "src\RedShirt.Adventure.Realm.Common.Exceptions\RedShirt.Adventure.Realm.Common.Exceptions.csproj", "{E1B5D33A-BC81-47DC-9EB2-57453FDACD50}"
EndProject
Project("{2150E333-8FDC-42A3-9474-1A3956D46DE8}") = "cicd-templates", "cicd-templates", "{43844704-1F88-4E52-845B-FC4550AB9B78}"
	ProjectSection(SolutionItems) = preProject
		cicd-templates\build-template.yaml = cicd-templates\build-template.yaml
	EndProjectSection
EndProject
Project("{2150E333-8FDC-42A3-9474-1A3956D46DE8}") = "Common", "Common", "{95D031CB-B31C-4C90-B46B-29DB3D551302}"
EndProject
Project("{2150E333-8FDC-42A3-9474-1A3956D46DE8}") = "Core", "Core", "{72520C39-71B6-4BD8-976D-22A7B4EA525F}"
EndProject
Project("{FAE04EC0-301F-11D3-BF4B-00C04F79EFBC}") = "RedShirt.Adventure.Realm.Common.Cache", "src\RedShirt.Adventure.Realm.Common.Cache\RedShirt.Adventure.Realm.Common.Cache.csproj", "{374D8090-FFB5-4776-8AFC-D10D6753ED44}"
EndProject
Project("{2150E333-8FDC-42A3-9474-1A3956D46DE8}") = "Common", "Common", "{4503FE62-A64D-4A51-85AB-07C7F5169D7D}"
EndProject
Project("{2150E333-8FDC-42A3-9474-1A3956D46DE8}") = "Analyzers", "Analyzers", "{8B54CD2F-E7A8-4DE6-99C2-6CB455CEDC79}"
EndProject
Project("{FAE04EC0-301F-11D3-BF4B-00C04F79EFBC}") = "RedShirt.Adventure.Realm.Common.Analyzers.Abstractions", "src\RedShirt.Adventure.Realm.Common.Analyzers.Abstractions\RedShirt.Adventure.Realm.Common.Analyzers.Abstractions.csproj", "{0DDBAD0F-1F8B-404A-A301-E761A879DA45}"
EndProject
Project("{FAE04EC0-301F-11D3-BF4B-00C04F79EFBC}") = "RedShirt.Adventure.Realm.Common.Analyzers.Generation", "src\RedShirt.Adventure.Realm.Common.Analyzers.Generation\RedShirt.Adventure.Realm.Common.Analyzers.Generation.csproj", "{6A7354BF-4522-440C-8EBB-0636C022FD1B}"
EndProject
Project("{2150E333-8FDC-42A3-9474-1A3956D46DE8}") = "Characters", "Characters", "{B22B42A1-705B-4346-AF94-C5CE868B32F5}"
EndProject
Project("{FAE04EC0-301F-11D3-BF4B-00C04F79EFBC}") = "RedShirt.Adventure.Realm.Character", "src\RedShirt.Adventure.Realm.Character\RedShirt.Adventure.Realm.Character.csproj", "{C05D39A7-1E5C-4E38-8BAC-8D36D1D84D5C}"
EndProject
Project("{FAE04EC0-301F-11D3-BF4B-00C04F79EFBC}") = "RedShirt.Adventure.Realm.Character.Inventory.Core", "src\RedShirt.Adventure.Realm.Character.Inventory.Core\RedShirt.Adventure.Realm.Character.Inventory.Core.csproj", "{96D3F660-CEE0-45A4-9DBE-F2784565C04F}"
EndProject
Project("{FAE04EC0-301F-11D3-BF4B-00C04F79EFBC}") = "RedShirt.Adventure.Realm.Character.Inventory.Implementations", "src\RedShirt.Adventure.Realm.Character.Inventory.Implementations\RedShirt.Adventure.Realm.Character.Inventory.Implementations.csproj", "{0CF39593-E1A4-4E17-8E84-2E5BA5149743}"
EndProject
Project("{2150E333-8FDC-42A3-9474-1A3956D46DE8}") = "Characters", "Characters", "{2B1E290E-B086-4E8A-B84F-3B45CC343AEC}"
EndProject
Project("{FAE04EC0-301F-11D3-BF4B-00C04F79EFBC}") = "RedShirt.Adventure.Realm.Character.Inventory.Core.UnitTests", "test\RedShirt.Adventure.Realm.Character.Inventory.Core.UnitTests\RedShirt.Adventure.Realm.Character.Inventory.Core.UnitTests.csproj", "{EA32A23C-7EFA-46F0-9DF5-C7ACA46C59D7}"
EndProject
Project("{FAE04EC0-301F-11D3-BF4B-00C04F79EFBC}") = "RedShirt.Adventure.Realm.Character.ActionBar.Core", "src\RedShirt.Adventure.Realm.Character.ActionBar.Core\RedShirt.Adventure.Realm.Character.ActionBar.Core.csproj", "{C3B1A8FE-23FF-4186-9692-E987FA423EBA}"
EndProject
Project("{FAE04EC0-301F-11D3-BF4B-00C04F79EFBC}") = "RedShirt.Adventure.Realm.Character.ActionBar.Implementations", "src\RedShirt.Adventure.Realm.Character.ActionBar.Implementations\RedShirt.Adventure.Realm.Character.ActionBar.Implementations.csproj", "{61B9F54B-812F-41C3-8316-6F87681DD3F3}"
EndProject
Project("{FAE04EC0-301F-11D3-BF4B-00C04F79EFBC}") = "RedShirt.Adventure.Realm.Character.ActionBar.Core.UnitTests", "test\RedShirt.Adventure.Realm.Character.ActionBar.Core.UnitTests\RedShirt.Adventure.Realm.Character.ActionBar.Core.UnitTests.csproj", "{1813DF33-A888-4F0F-B87D-B41B1D0CC7F6}"
EndProject
Global
	GlobalSection(SolutionConfigurationPlatforms) = preSolution
		Debug|Any CPU = Debug|Any CPU
		Release|Any CPU = Release|Any CPU
	EndGlobalSection
	GlobalSection(ProjectConfigurationPlatforms) = postSolution
		{4BFAEB53-6FEB-4CB6-AEBC-D9DFB07BB488}.Debug|Any CPU.ActiveCfg = Debug|Any CPU
		{4BFAEB53-6FEB-4CB6-AEBC-D9DFB07BB488}.Debug|Any CPU.Build.0 = Debug|Any CPU
		{4BFAEB53-6FEB-4CB6-AEBC-D9DFB07BB488}.Release|Any CPU.ActiveCfg = Release|Any CPU
		{4BFAEB53-6FEB-4CB6-AEBC-D9DFB07BB488}.Release|Any CPU.Build.0 = Release|Any CPU
		{691F2021-7D94-40DC-9EB0-6B63B13BCE8D}.Debug|Any CPU.ActiveCfg = Debug|Any CPU
		{691F2021-7D94-40DC-9EB0-6B63B13BCE8D}.Debug|Any CPU.Build.0 = Debug|Any CPU
		{691F2021-7D94-40DC-9EB0-6B63B13BCE8D}.Release|Any CPU.ActiveCfg = Release|Any CPU
		{691F2021-7D94-40DC-9EB0-6B63B13BCE8D}.Release|Any CPU.Build.0 = Release|Any CPU
		{AC49DE83-CC2A-4CC7-B26B-E90455482033}.Debug|Any CPU.ActiveCfg = Debug|Any CPU
		{AC49DE83-CC2A-4CC7-B26B-E90455482033}.Debug|Any CPU.Build.0 = Debug|Any CPU
		{AC49DE83-CC2A-4CC7-B26B-E90455482033}.Release|Any CPU.ActiveCfg = Release|Any CPU
		{AC49DE83-CC2A-4CC7-B26B-E90455482033}.Release|Any CPU.Build.0 = Release|Any CPU
		{E706106D-1CA2-47E8-B929-FECCBEC2D749}.Debug|Any CPU.ActiveCfg = Debug|Any CPU
		{E706106D-1CA2-47E8-B929-FECCBEC2D749}.Debug|Any CPU.Build.0 = Debug|Any CPU
		{E706106D-1CA2-47E8-B929-FECCBEC2D749}.Release|Any CPU.ActiveCfg = Release|Any CPU
		{E706106D-1CA2-47E8-B929-FECCBEC2D749}.Release|Any CPU.Build.0 = Release|Any CPU
		{C178D0FE-0A74-416D-9EFA-213421301E41}.Debug|Any CPU.ActiveCfg = Debug|Any CPU
		{C178D0FE-0A74-416D-9EFA-213421301E41}.Debug|Any CPU.Build.0 = Debug|Any CPU
		{C178D0FE-0A74-416D-9EFA-213421301E41}.Release|Any CPU.ActiveCfg = Release|Any CPU
		{C178D0FE-0A74-416D-9EFA-213421301E41}.Release|Any CPU.Build.0 = Release|Any CPU
		{84D414FE-E1CF-4781-B0AB-C68DBDE7CA6B}.Debug|Any CPU.ActiveCfg = Debug|Any CPU
		{84D414FE-E1CF-4781-B0AB-C68DBDE7CA6B}.Debug|Any CPU.Build.0 = Debug|Any CPU
		{84D414FE-E1CF-4781-B0AB-C68DBDE7CA6B}.Release|Any CPU.ActiveCfg = Release|Any CPU
		{84D414FE-E1CF-4781-B0AB-C68DBDE7CA6B}.Release|Any CPU.Build.0 = Release|Any CPU
		{FF4618C5-85D8-427E-B947-D796630B1412}.Debug|Any CPU.ActiveCfg = Debug|Any CPU
		{FF4618C5-85D8-427E-B947-D796630B1412}.Debug|Any CPU.Build.0 = Debug|Any CPU
		{FF4618C5-85D8-427E-B947-D796630B1412}.Release|Any CPU.ActiveCfg = Release|Any CPU
		{FF4618C5-85D8-427E-B947-D796630B1412}.Release|Any CPU.Build.0 = Release|Any CPU
		{B3F1DBF5-BE8D-4A12-A492-0AF895F495EE}.Debug|Any CPU.ActiveCfg = Debug|Any CPU
		{B3F1DBF5-BE8D-4A12-A492-0AF895F495EE}.Debug|Any CPU.Build.0 = Debug|Any CPU
		{B3F1DBF5-BE8D-4A12-A492-0AF895F495EE}.Release|Any CPU.ActiveCfg = Release|Any CPU
		{B3F1DBF5-BE8D-4A12-A492-0AF895F495EE}.Release|Any CPU.Build.0 = Release|Any CPU
		{E8ABC8E7-E42D-4D27-A26B-09711AA40434}.Debug|Any CPU.ActiveCfg = Debug|Any CPU
		{E8ABC8E7-E42D-4D27-A26B-09711AA40434}.Debug|Any CPU.Build.0 = Debug|Any CPU
		{E8ABC8E7-E42D-4D27-A26B-09711AA40434}.Release|Any CPU.ActiveCfg = Release|Any CPU
		{E8ABC8E7-E42D-4D27-A26B-09711AA40434}.Release|Any CPU.Build.0 = Release|Any CPU
		{E1B5D33A-BC81-47DC-9EB2-57453FDACD50}.Debug|Any CPU.ActiveCfg = Debug|Any CPU
		{E1B5D33A-BC81-47DC-9EB2-57453FDACD50}.Debug|Any CPU.Build.0 = Debug|Any CPU
		{E1B5D33A-BC81-47DC-9EB2-57453FDACD50}.Release|Any CPU.ActiveCfg = Release|Any CPU
		{E1B5D33A-BC81-47DC-9EB2-57453FDACD50}.Release|Any CPU.Build.0 = Release|Any CPU
		{374D8090-FFB5-4776-8AFC-D10D6753ED44}.Debug|Any CPU.ActiveCfg = Debug|Any CPU
		{374D8090-FFB5-4776-8AFC-D10D6753ED44}.Debug|Any CPU.Build.0 = Debug|Any CPU
		{374D8090-FFB5-4776-8AFC-D10D6753ED44}.Release|Any CPU.ActiveCfg = Release|Any CPU
		{374D8090-FFB5-4776-8AFC-D10D6753ED44}.Release|Any CPU.Build.0 = Release|Any CPU
		{0DDBAD0F-1F8B-404A-A301-E761A879DA45}.Debug|Any CPU.ActiveCfg = Debug|Any CPU
		{0DDBAD0F-1F8B-404A-A301-E761A879DA45}.Debug|Any CPU.Build.0 = Debug|Any CPU
		{0DDBAD0F-1F8B-404A-A301-E761A879DA45}.Release|Any CPU.ActiveCfg = Release|Any CPU
		{0DDBAD0F-1F8B-404A-A301-E761A879DA45}.Release|Any CPU.Build.0 = Release|Any CPU
		{6A7354BF-4522-440C-8EBB-0636C022FD1B}.Debug|Any CPU.ActiveCfg = Debug|Any CPU
		{6A7354BF-4522-440C-8EBB-0636C022FD1B}.Debug|Any CPU.Build.0 = Debug|Any CPU
		{6A7354BF-4522-440C-8EBB-0636C022FD1B}.Release|Any CPU.ActiveCfg = Release|Any CPU
		{6A7354BF-4522-440C-8EBB-0636C022FD1B}.Release|Any CPU.Build.0 = Release|Any CPU
		{C05D39A7-1E5C-4E38-8BAC-8D36D1D84D5C}.Debug|Any CPU.ActiveCfg = Debug|Any CPU
		{C05D39A7-1E5C-4E38-8BAC-8D36D1D84D5C}.Debug|Any CPU.Build.0 = Debug|Any CPU
		{C05D39A7-1E5C-4E38-8BAC-8D36D1D84D5C}.Release|Any CPU.ActiveCfg = Release|Any CPU
		{C05D39A7-1E5C-4E38-8BAC-8D36D1D84D5C}.Release|Any CPU.Build.0 = Release|Any CPU
		{96D3F660-CEE0-45A4-9DBE-F2784565C04F}.Debug|Any CPU.ActiveCfg = Debug|Any CPU
		{96D3F660-CEE0-45A4-9DBE-F2784565C04F}.Debug|Any CPU.Build.0 = Debug|Any CPU
		{96D3F660-CEE0-45A4-9DBE-F2784565C04F}.Release|Any CPU.ActiveCfg = Release|Any CPU
		{96D3F660-CEE0-45A4-9DBE-F2784565C04F}.Release|Any CPU.Build.0 = Release|Any CPU
		{0CF39593-E1A4-4E17-8E84-2E5BA5149743}.Debug|Any CPU.ActiveCfg = Debug|Any CPU
		{0CF39593-E1A4-4E17-8E84-2E5BA5149743}.Debug|Any CPU.Build.0 = Debug|Any CPU
		{0CF39593-E1A4-4E17-8E84-2E5BA5149743}.Release|Any CPU.ActiveCfg = Release|Any CPU
		{0CF39593-E1A4-4E17-8E84-2E5BA5149743}.Release|Any CPU.Build.0 = Release|Any CPU
		{EA32A23C-7EFA-46F0-9DF5-C7ACA46C59D7}.Debug|Any CPU.ActiveCfg = Debug|Any CPU
		{EA32A23C-7EFA-46F0-9DF5-C7ACA46C59D7}.Debug|Any CPU.Build.0 = Debug|Any CPU
		{EA32A23C-7EFA-46F0-9DF5-C7ACA46C59D7}.Release|Any CPU.ActiveCfg = Release|Any CPU
		{EA32A23C-7EFA-46F0-9DF5-C7ACA46C59D7}.Release|Any CPU.Build.0 = Release|Any CPU
		{C3B1A8FE-23FF-4186-9692-E987FA423EBA}.Debug|Any CPU.ActiveCfg = Debug|Any CPU
		{C3B1A8FE-23FF-4186-9692-E987FA423EBA}.Debug|Any CPU.Build.0 = Debug|Any CPU
		{C3B1A8FE-23FF-4186-9692-E987FA423EBA}.Release|Any CPU.ActiveCfg = Release|Any CPU
		{C3B1A8FE-23FF-4186-9692-E987FA423EBA}.Release|Any CPU.Build.0 = Release|Any CPU
		{61B9F54B-812F-41C3-8316-6F87681DD3F3}.Debug|Any CPU.ActiveCfg = Debug|Any CPU
		{61B9F54B-812F-41C3-8316-6F87681DD3F3}.Debug|Any CPU.Build.0 = Debug|Any CPU
		{61B9F54B-812F-41C3-8316-6F87681DD3F3}.Release|Any CPU.ActiveCfg = Release|Any CPU
		{61B9F54B-812F-41C3-8316-6F87681DD3F3}.Release|Any CPU.Build.0 = Release|Any CPU
		{1813DF33-A888-4F0F-B87D-B41B1D0CC7F6}.Debug|Any CPU.ActiveCfg = Debug|Any CPU
		{1813DF33-A888-4F0F-B87D-B41B1D0CC7F6}.Debug|Any CPU.Build.0 = Debug|Any CPU
		{1813DF33-A888-4F0F-B87D-B41B1D0CC7F6}.Release|Any CPU.ActiveCfg = Release|Any CPU
		{1813DF33-A888-4F0F-B87D-B41B1D0CC7F6}.Release|Any CPU.Build.0 = Release|Any CPU
	EndGlobalSection
	GlobalSection(NestedProjects) = preSolution
		{4BFAEB53-6FEB-4CB6-AEBC-D9DFB07BB488} = {31171FEB-4838-475C-865E-ECB6B988456B}
		{AC49DE83-CC2A-4CC7-B26B-E90455482033} = {E8344A39-85AE-4B3F-A2AE-AEB32BC51446}
		{E706106D-1CA2-47E8-B929-FECCBEC2D749} = {E8344A39-85AE-4B3F-A2AE-AEB32BC51446}
		{C178D0FE-0A74-416D-9EFA-213421301E41} = {E8344A39-85AE-4B3F-A2AE-AEB32BC51446}
		{84D414FE-E1CF-4781-B0AB-C68DBDE7CA6B} = {E8344A39-85AE-4B3F-A2AE-AEB32BC51446}
		{43844704-1F88-4E52-845B-FC4550AB9B78} = {660591FB-7244-4332-885D-C914E33274CB}
		{95D031CB-B31C-4C90-B46B-29DB3D551302} = {B25D689C-BA79-4E67-A5EB-A5771D8EE768}
		{FF4618C5-85D8-427E-B947-D796630B1412} = {95D031CB-B31C-4C90-B46B-29DB3D551302}
		{B3F1DBF5-BE8D-4A12-A492-0AF895F495EE} = {95D031CB-B31C-4C90-B46B-29DB3D551302}
		{E1B5D33A-BC81-47DC-9EB2-57453FDACD50} = {95D031CB-B31C-4C90-B46B-29DB3D551302}
		{72520C39-71B6-4BD8-976D-22A7B4EA525F} = {B25D689C-BA79-4E67-A5EB-A5771D8EE768}
		{691F2021-7D94-40DC-9EB0-6B63B13BCE8D} = {72520C39-71B6-4BD8-976D-22A7B4EA525F}
		{374D8090-FFB5-4776-8AFC-D10D6753ED44} = {95D031CB-B31C-4C90-B46B-29DB3D551302}
		{4503FE62-A64D-4A51-85AB-07C7F5169D7D} = {E8344A39-85AE-4B3F-A2AE-AEB32BC51446}
		{E8ABC8E7-E42D-4D27-A26B-09711AA40434} = {4503FE62-A64D-4A51-85AB-07C7F5169D7D}
		{8B54CD2F-E7A8-4DE6-99C2-6CB455CEDC79} = {95D031CB-B31C-4C90-B46B-29DB3D551302}
		{0DDBAD0F-1F8B-404A-A301-E761A879DA45} = {8B54CD2F-E7A8-4DE6-99C2-6CB455CEDC79}
		{6A7354BF-4522-440C-8EBB-0636C022FD1B} = {8B54CD2F-E7A8-4DE6-99C2-6CB455CEDC79}
		{B22B42A1-705B-4346-AF94-C5CE868B32F5} = {B25D689C-BA79-4E67-A5EB-A5771D8EE768}
		{C05D39A7-1E5C-4E38-8BAC-8D36D1D84D5C} = {B22B42A1-705B-4346-AF94-C5CE868B32F5}
		{96D3F660-CEE0-45A4-9DBE-F2784565C04F} = {B22B42A1-705B-4346-AF94-C5CE868B32F5}
		{0CF39593-E1A4-4E17-8E84-2E5BA5149743} = {B22B42A1-705B-4346-AF94-C5CE868B32F5}
		{2B1E290E-B086-4E8A-B84F-3B45CC343AEC} = {E8344A39-85AE-4B3F-A2AE-AEB32BC51446}
		{EA32A23C-7EFA-46F0-9DF5-C7ACA46C59D7} = {2B1E290E-B086-4E8A-B84F-3B45CC343AEC}
		{C3B1A8FE-23FF-4186-9692-E987FA423EBA} = {B22B42A1-705B-4346-AF94-C5CE868B32F5}
		{61B9F54B-812F-41C3-8316-6F87681DD3F3} = {B22B42A1-705B-4346-AF94-C5CE868B32F5}
		{1813DF33-A888-4F0F-B87D-B41B1D0CC7F6} = {2B1E290E-B086-4E8A-B84F-3B45CC343AEC}
	EndGlobalSection
EndGlobal
